code.cloudfoundry.org/bytefmt v0.13.0/go.mod h1:hYyMgjFZOCFaMfibVRhfVDaxub983kKGA/YiRHdciYw=
github.com/coreos/go-systemd/v22 v22.5.0/go.mod h1:Y58oyj3AT4RCenI/lSvhwexgC+NSVTIJ3seZv2GcEnc=
github.com/cpuguy83/go-md2man/v2 v2.0.4/go.mod h1:tgQtvFlXSQOSOSIRvRPT7W67SCa46tRHOmNcaadrF8o=
github.com/davecgh/go-spew v1.1.0/go.mod h1:J7Y8YcW2NihsgmVo/mv3lAwl/skON4iLHjSsI+c5H38=
github.com/davecgh/go-spew v1.1.1 h1:vj9j/u1bqnvCEfJOwUhtlOARqs3+rkHYY13jYWTU97c=
github.com/davecgh/go-spew v1.1.1/go.mod h1:J7Y8YcW2NihsgmVo/mv3lAwl/skON4iLHjSsI+c5H38=
github.com/fsnotify/fsnotify v1.7.0/go.mod h1:40Bi/Hjc2AVfZrqy+aj+yEI+/bRxZnMJyTJwOpGvigM=
github.com/godbus/dbus/v5 v5.0.4/go.mod h1:xhWf0FNVPg57R7Z0UbKHbJfkEywrmjJnf7w5xrFpKfA=
github.com/google/uuid v1.6.0 h1:NIvaJDMOsjHA8n1jAhLSgzrAzy1Hgr+hNrb57e+94F0=
github.com/google/uuid v1.6.0/go.mod h1:TIyPZe4MgqvfeYDBFedMoGGpEw/LqOeaOT+nhxU+yHo=
github.com/inconshreveable/mousetrap v1.1.0/go.mod h1:vpF70FUmC8bwa3OWnCshd2FqLfsEA9PFc4w1p2J65bw=
github.com/malumar/daemon v0.0.0-20241009174212-2b8a36833ee9/go.mod h1:7oXEZCe+LIBDdHqF5J4y3NZr89rVGRMYTKyk0//AtNM=
github.com/malumar/domaintools v0.0.0-20241008121017-c780fcac9f2d h1:Xfsao1yN/AUMg9y+DAOtXSO8m6fWOaNumsTGX6Qq7fY=
github.com/malumar/domaintools v0.0.0-20241008121017-c780fcac9f2d/go.mod h1:JK3D3u1vp0hyyyDhGoEHtb41KAVrp3wb2qqafQOJKIE=
github.com/malumar/filebuf v0.0.0-20241009181853-e5e2a4f3edb0 h1:YBkelaajYBTB07T3IEGAPy+KqBA3AwqA/Z2l6U8zFfA=
github.com/malumar/filebuf v0.0.0-20241009181853-e5e2a4f3edb0/go.mod h1:MxyqAO8oO11pPCZRystOrGQSXLyNPEFBbuMaX4fvGqQ=
github.com/malumar/filekit v0.0.0-20241015164408-e5658e310902 h1:WbH3FCX24h2o43EO4QhtPr2H6sJtsc8mdsOgSwzAhyo=
github.com/malumar/filekit v0.0.0-20241015164408-e5658e310902/go.mod h1:vWUZ40qRtR9UuuYulPgKlTs5ikPQT7B0vXO9nEbwgIw=
github.com/malumar/parsemail v0.0.0-20241016122117-efd22d231d21 h1:fYeMmCX3JrqwnUVxPrPs6rGgSF+Ee5nVLxQZxqd7BnE=
github.com/malumar/parsemail v0.0.0-20241016122117-efd22d231d21/go.mod h1:gFnnbfJ+1TMRYLvkSfNDgD6uHOVXhBaRW1ZW+E9Kbdc=
github.com/malumar/shellexec v0.0.0-20241011121645-8ede9e649a76 h1:kBVAEztb85r2ENndUzpRbaZ9GDBNBnNio+aHZomCi/8=
github.com/malumar/shellexec v0.0.0-20241011121645-8ede9e649a76/go.mod h1:wm/JsMNBsskqr2uLqVpX0ZWut/7tsHmbFegLtMrd2fc=
github.com/malumar/strutils v0.0.0-20241010074433-6267cf36c9e8 h1:Kpr+D5eJWBj1BIG3laKD12e4s95NyX4fkBExb/tbgAs=
github.com/malumar/strutils v0.0.0-20241010074433-6267cf36c9e8/go.mod h1:GAcuAuHseVAT2Ce8kMdr9FbwZ4W5QNR4tX/4auidZD0=
github.com/malumar/tracer v0.0.0-20241011130543-57f4d5d530e2 h1:IH5O8v12vAaBay2dqqqI2DIGnf7kUaP9UC24S0lT86I=
github.com/malumar/tracer v0.0.0-20241011130543-57f4d5d530e2/go.mod h1:sxhncAUO2Hp1J3Xrsbg7UPQEbdupyu3LifL75Oz91C8=
github.com/martinlindhe/base36 v1.1.1 h1:1F1MZ5MGghBXDZ2KJ3QfxmiydlWOGB8HCEtkap5NkVg=
github.com/martinlindhe/base36 v1.1.1/go.mod h1:vMS8PaZ5e/jV9LwFKlm0YLnXl/hpOihiBxKkIoc3g08=
github.com/mattn/go-colorable v0.1.13/go.mod h1:7S9/ev0klgBDR4GtXTXX8a3vIGJpMovkB8vQcUbaXHg=
github.com/mattn/go-isatty v0.0.16/go.mod h1:kYGgaQfpe5nmfYZH+SKPsOc2e4SrIfOl2e/yFXSvRLM=
github.com/mattn/go-isatty v0.0.19/go.mod h1:W+V8PltTTMOvKvAeJH7IuucS94S2C6jfK/D7dTCTo3Y=
github.com/pkg/errors v0.9.1/go.mod h1:bwawxfHBFNV+L2hUp1rHADufV3IMtnDRdf1r5NINEl0=
github.com/pmezard/go-difflib v1.0.0 h1:4DBwDE0NGyQoBHbLQYPwSUPoCMWR5BEzIk/f1lZbAQM=
github.com/pmezard/go-difflib v1.0.0/go.mod h1:iKH77koFhYxTK1pcRnkKkqfTogsbg7gZNVY4sRDYZ/4=
github.com/rs/xid v1.5.0/go.mod h1:trrq9SKmegXys3aeAKXMUTdJsYXVwGY3RLcfgqegfbg=
github.com/rs/zerolog v1.33.0/go.mod h1:/7mN4D5sKwJLZQ2b/znpjC3/GQWY/xaDXUM0kKWRHss=
github.com/russross/blackfriday/v2 v2.1.0/go.mod h1:+Rmxgy9KzJVeS9/2gXHxylqXiyQDYRxCVz55jmeOWTM=
github.com/spf13/cobra v1.8.1/go.mod h1:wHxEcudfqmLYa8iTfL+OuZPbBZkmvliBWKIezN3kD9Y=
github.com/spf13/pflag v1.0.5/go.mod h1:McXfInJRrz4CZXVZOBLb0bTZqETkiAhM9Iw0y3An2Bg=
github.com/stretchr/objx v0.1.0/go.mod h1:HFkY916IF+rwdDfMAkV7OtwuqBVzrE8GR6GFx+wExME=
github.com/stretchr/testify v1.7.0/go.mod h1:6Fq8oRcR53rry900zMqJjRRixrwX3KX962/h/Wwjteg=
github.com/stretchr/testify v1.9.0 h1:HtqpIVDClZ4nwg75+f6Lvsy/wHu+3BoSGCbBAcpTsTg=
github.com/stretchr/testify v1.9.0/go.mod h1:r2ic/lqez/lEtzL7wO/rwa5dbSLXVDPFyf8C91i36aY=
golang.org/x/sys v0.0.0-20220811171246-fbc7d0a398ab/go.mod h1:oPkhp1MJrh7nUepCBck5+mAzfO9JrbApNNgaTdGDITg=
golang.org/x/sys v0.6.0/go.mod h1:oPkhp1MJrh7nUepCBck5+mAzfO9JrbApNNgaTdGDITg=
golang.org/x/sys v0.12.0/go.mod h1:oPkhp1MJrh7nUepCBck5+mAzfO9JrbApNNgaTdGDITg=
golang.org/x/sys v0.26.0 h1:KHjCJyddX0LoSTb3J+vWpupP9p0oznkqVk/IfjymZbo=
golang.org/x/sys v0.26.0/go.mod h1:/VUhepiaJMQUp4+oa/7Zr1D23ma6VTLIYjOOTFZPUcA=
gopkg.in/check.v1 v0.0.0-20161208181325-20d25e280405/go.mod h1:Co6ibVJAznAaIkqp8huTwlJQCZ016jof/cbN4VW5Yz0=
gopkg.in/yaml.v3 v3.0.0-20200313102051-9f266ea9e77c/go.mod h1:K4uyk7z7BCEPqu6E+C64Yfv1cQ7kz7rIZviUmN+EgEM=
gopkg.in/yaml.v3 v3.0.1 h1:fxVm/GzAzEWqLHuvctI91KS9hhNmmWOoWu0XTYJS7CA=
gopkg.in/yaml.v3 v3.0.1/go.mod h1:K4uyk7z7BCEPqu6E+C64Yfv1cQ7kz7rIZviUmN+EgEM=
